// !$*UTF8*$!
{
	archiveVersion = 1;
	classes = {
	};
	objectVersion = 55;
	objects = {

/* Begin PBXBuildFile section */
		009D43C94467E151F9C3F42E /* Pods_eScooter.framework in Frameworks */ = {isa = PBXBuildFile; fileRef = B8287E38A9ECD107F45A2AD3 /* Pods_eScooter.framework */; };
		0921518E27EDFB14005947ED /* eScooterApp.swift in Sources */ = {isa = PBXBuildFile; fileRef = 0921518D27EDFB14005947ED /* eScooterApp.swift */; };
		0921519027EDFB14005947ED /* ContentView.swift in Sources */ = {isa = PBXBuildFile; fileRef = 0921518F27EDFB14005947ED /* ContentView.swift */; };
		0921519227EDFB18005947ED /* Assets.xcassets in Resources */ = {isa = PBXBuildFile; fileRef = 0921519127EDFB18005947ED /* Assets.xcassets */; };
		0921519527EDFB18005947ED /* Preview Assets.xcassets in Resources */ = {isa = PBXBuildFile; fileRef = 0921519427EDFB18005947ED /* Preview Assets.xcassets */; };
		092672832806C63100AEB331 /* LocationTopBar.swift in Sources */ = {isa = PBXBuildFile; fileRef = 092672822806C63100AEB331 /* LocationTopBar.swift */; };
		092672852806CE5B00AEB331 /* MapView.swift in Sources */ = {isa = PBXBuildFile; fileRef = 092672842806CE5B00AEB331 /* MapView.swift */; };
		092672872806DE6000AEB331 /* LocationManager.swift in Sources */ = {isa = PBXBuildFile; fileRef = 092672862806DE6000AEB331 /* LocationManager.swift */; };
		09267290280B02A600AEB331 /* MenuCoordinator.swift in Sources */ = {isa = PBXBuildFile; fileRef = 0926728F280B02A600AEB331 /* MenuCoordinator.swift */; };
		09267294280B0B3700AEB331 /* MapCoordinator.swift in Sources */ = {isa = PBXBuildFile; fileRef = 09267293280B0B3700AEB331 /* MapCoordinator.swift */; };
		095A18E927F1BE6700A4E7D3 /* OnboardingView.swift in Sources */ = {isa = PBXBuildFile; fileRef = 095A18E827F1BE6700A4E7D3 /* OnboardingView.swift */; };
		095A18EE27F1F9B300A4E7D3 /* OnBoardingModel.swift in Sources */ = {isa = PBXBuildFile; fileRef = 095A18ED27F1F9B300A4E7D3 /* OnBoardingModel.swift */; };
		095A18F427F47DBC00A4E7D3 /* Launch Screen.storyboard in Resources */ = {isa = PBXBuildFile; fileRef = 095A18F327F47DBC00A4E7D3 /* Launch Screen.storyboard */; };
		095A190327F489F100A4E7D3 /* OFL.txt in Resources */ = {isa = PBXBuildFile; fileRef = 095A18F627F489EF00A4E7D3 /* OFL.txt */; };
		095A190427F489F100A4E7D3 /* BaiJamjuree-SemiBoldItalic.ttf in Resources */ = {isa = PBXBuildFile; fileRef = 095A18F727F489EF00A4E7D3 /* BaiJamjuree-SemiBoldItalic.ttf */; };
		095A190527F489F100A4E7D3 /* BaiJamjuree-ExtraLight.ttf in Resources */ = {isa = PBXBuildFile; fileRef = 095A18F827F489EF00A4E7D3 /* BaiJamjuree-ExtraLight.ttf */; };
		095A190627F489F100A4E7D3 /* BaiJamjuree-Regular.ttf in Resources */ = {isa = PBXBuildFile; fileRef = 095A18F927F489EF00A4E7D3 /* BaiJamjuree-Regular.ttf */; };
		095A190727F489F100A4E7D3 /* BaiJamjuree-ExtraLightItalic.ttf in Resources */ = {isa = PBXBuildFile; fileRef = 095A18FA27F489EF00A4E7D3 /* BaiJamjuree-ExtraLightItalic.ttf */; };
		095A190927F489F100A4E7D3 /* BaiJamjuree-Italic.ttf in Resources */ = {isa = PBXBuildFile; fileRef = 095A18FC27F489F000A4E7D3 /* BaiJamjuree-Italic.ttf */; };
		095A190A27F489F100A4E7D3 /* BaiJamjuree-Medium.ttf in Resources */ = {isa = PBXBuildFile; fileRef = 095A18FD27F489F000A4E7D3 /* BaiJamjuree-Medium.ttf */; };
		095A190B27F489F100A4E7D3 /* BaiJamjuree-LightItalic.ttf in Resources */ = {isa = PBXBuildFile; fileRef = 095A18FE27F489F000A4E7D3 /* BaiJamjuree-LightItalic.ttf */; };
		095A190C27F489F100A4E7D3 /* BaiJamjuree-MediumItalic.ttf in Resources */ = {isa = PBXBuildFile; fileRef = 095A18FF27F489F000A4E7D3 /* BaiJamjuree-MediumItalic.ttf */; };
		095A190D27F489F100A4E7D3 /* BaiJamjuree-Light.ttf in Resources */ = {isa = PBXBuildFile; fileRef = 095A190027F489F000A4E7D3 /* BaiJamjuree-Light.ttf */; };
		095A190E27F489F100A4E7D3 /* BaiJamjuree-BoldItalic.ttf in Resources */ = {isa = PBXBuildFile; fileRef = 095A190127F489F100A4E7D3 /* BaiJamjuree-BoldItalic.ttf */; };
		095A190F27F489F100A4E7D3 /* BaiJamjuree-Bold.ttf in Resources */ = {isa = PBXBuildFile; fileRef = 095A190227F489F100A4E7D3 /* BaiJamjuree-Bold.ttf */; };
		095A191027F48C7B00A4E7D3 /* BaiJamjuree-SemiBold.ttf in Resources */ = {isa = PBXBuildFile; fileRef = 095A18FB27F489F000A4E7D3 /* BaiJamjuree-SemiBold.ttf */; };
		09804CD428213C3300EC0962 /* HistoryViewModel.swift in Sources */ = {isa = PBXBuildFile; fileRef = 09804CD328213C3300EC0962 /* HistoryViewModel.swift */; };
		0982B2CA27FD80BB003D8B60 /* TextFieldViewModifier.swift in Sources */ = {isa = PBXBuildFile; fileRef = 0982B2C927FD80BB003D8B60 /* TextFieldViewModifier.swift */; };
		0982B2CC27FD8B3D003D8B60 /* SecureTextFieldView.swift in Sources */ = {isa = PBXBuildFile; fileRef = 0982B2CB27FD8B3D003D8B60 /* SecureTextFieldView.swift */; };
		0982B2D227FD97DC003D8B60 /* ForgotPasswordView.swift in Sources */ = {isa = PBXBuildFile; fileRef = 0982B2D127FD97DC003D8B60 /* ForgotPasswordView.swift */; };
		0982B2D427FD9AD3003D8B60 /* ResetPasswordView.swift in Sources */ = {isa = PBXBuildFile; fileRef = 0982B2D327FD9AD3003D8B60 /* ResetPasswordView.swift */; };
		0982B2D627FD9F24003D8B60 /* DrivingLicenseView.swift in Sources */ = {isa = PBXBuildFile; fileRef = 0982B2D527FD9F24003D8B60 /* DrivingLicenseView.swift */; };
		0982B2D928040D53003D8B60 /* BackButtonTopBar.swift in Sources */ = {isa = PBXBuildFile; fileRef = 0982B2D828040D53003D8B60 /* BackButtonTopBar.swift */; };
		0982B2DD28041E24003D8B60 /* DrivingLicensePendingVerification.swift in Sources */ = {isa = PBXBuildFile; fileRef = 0982B2DC28041E24003D8B60 /* DrivingLicensePendingVerification.swift */; };
		0982B2DF28041E30003D8B60 /* ValidLicense.swift in Sources */ = {isa = PBXBuildFile; fileRef = 0982B2DE28041E30003D8B60 /* ValidLicense.swift */; };
		0982B2E128042685003D8B60 /* ScanDocumentView.swift in Sources */ = {isa = PBXBuildFile; fileRef = 0982B2E028042685003D8B60 /* ScanDocumentView.swift */; };
		0982B2E328042F66003D8B60 /* ImagePickerView.swift in Sources */ = {isa = PBXBuildFile; fileRef = 0982B2E228042F66003D8B60 /* ImagePickerView.swift */; };
		0982B2E52804451A003D8B60 /* MenuView.swift in Sources */ = {isa = PBXBuildFile; fileRef = 0982B2E428044519003D8B60 /* MenuView.swift */; };
		0982B2E92804453C003D8B60 /* AccountSettingsView.swift in Sources */ = {isa = PBXBuildFile; fileRef = 0982B2E82804453C003D8B60 /* AccountSettingsView.swift */; };
		0982B2EB2804454F003D8B60 /* ChangePasswordView.swift in Sources */ = {isa = PBXBuildFile; fileRef = 0982B2EA2804454F003D8B60 /* ChangePasswordView.swift */; };
		0982B2ED28055A1E003D8B60 /* BackgroundView.swift in Sources */ = {isa = PBXBuildFile; fileRef = 0982B2EC28055A1E003D8B60 /* BackgroundView.swift */; };
		0984226C27F6E13500361D60 /* RegistrationView.swift in Sources */ = {isa = PBXBuildFile; fileRef = 0984226B27F6E13500361D60 /* RegistrationView.swift */; };
		0984226E27F6E14100361D60 /* LoginView.swift in Sources */ = {isa = PBXBuildFile; fileRef = 0984226D27F6E14100361D60 /* LoginView.swift */; };
		0984227027F6EFB600361D60 /* RegisterViewModel.swift in Sources */ = {isa = PBXBuildFile; fileRef = 0984226F27F6EFB600361D60 /* RegisterViewModel.swift */; };
		098F97E228283631003DC53F /* OngoingModel.swift in Sources */ = {isa = PBXBuildFile; fileRef = 098F97E128283631003DC53F /* OngoingModel.swift */; };
		0991E8F527FAC89D00B8A525 /* LoginViewModel.swift in Sources */ = {isa = PBXBuildFile; fileRef = 0991E8F427FAC89D00B8A525 /* LoginViewModel.swift */; };
		0991E8F827FAD4D100B8A525 /* NavigationStack in Frameworks */ = {isa = PBXBuildFile; productRef = 0991E8F727FAD4D100B8A525 /* NavigationStack */; };
		0991E8FA27FAD9DA00B8A525 /* AuthentificationCoordinator.swift in Sources */ = {isa = PBXBuildFile; fileRef = 0991E8F927FAD9DA00B8A525 /* AuthentificationCoordinator.swift */; };
		099655B0281FD2620079D47F /* MapCoordinatorViewModel.swift in Sources */ = {isa = PBXBuildFile; fileRef = 099655AF281FD2620079D47F /* MapCoordinatorViewModel.swift */; };
		099655B4282102410079D47F /* ScooterCardViewModel.swift in Sources */ = {isa = PBXBuildFile; fileRef = 099655B3282102410079D47F /* ScooterCardViewModel.swift */; };
		099655B6282107C20079D47F /* StartRideView.swift in Sources */ = {isa = PBXBuildFile; fileRef = 099655B5282107C20079D47F /* StartRideView.swift */; };
		099655B8282107F90079D47F /* TripDetailsView.swift in Sources */ = {isa = PBXBuildFile; fileRef = 099655B7282107F90079D47F /* TripDetailsView.swift */; };
		0997F6BC280EA68400B32C96 /* ImageToUIImage.swift in Sources */ = {isa = PBXBuildFile; fileRef = 0997F6BB280EA68400B32C96 /* ImageToUIImage.swift */; };
		0997F6C0280FF8DC00B32C96 /* MapViewModel.swift in Sources */ = {isa = PBXBuildFile; fileRef = 0997F6BF280FF8DC00B32C96 /* MapViewModel.swift */; };
		0997F6C2281011C000B32C96 /* MenuViewModel.swift in Sources */ = {isa = PBXBuildFile; fileRef = 0997F6C1281011C000B32C96 /* MenuViewModel.swift */; };
		0997F6C428106E4000B32C96 /* Links.swift in Sources */ = {isa = PBXBuildFile; fileRef = 0997F6C328106E4000B32C96 /* Links.swift */; };
		09A3A3602812B9B500D82368 /* ScooterCardView.swift in Sources */ = {isa = PBXBuildFile; fileRef = 09A3A35F2812B9B500D82368 /* ScooterCardView.swift */; };
		09A4E51E2821B44F006EC785 /* RefreshableScrollView.swift in Sources */ = {isa = PBXBuildFile; fileRef = 09A4E51D2821B44F006EC785 /* RefreshableScrollView.swift */; };
		09A4E52028225AB1006EC785 /* UnlockViewQr.swift in Sources */ = {isa = PBXBuildFile; fileRef = 09A4E51F28225AB1006EC785 /* UnlockViewQr.swift */; };
		09A4E5222822A054006EC785 /* QRScannerView.swift in Sources */ = {isa = PBXBuildFile; fileRef = 09A4E5212822A054006EC785 /* QRScannerView.swift */; };
		09A4E52628252026006EC785 /* TripDetailsViewModel.swift in Sources */ = {isa = PBXBuildFile; fileRef = 09A4E52528252026006EC785 /* TripDetailsViewModel.swift */; };
		09A4E5282825206D006EC785 /* TripSummaryView.swift in Sources */ = {isa = PBXBuildFile; fileRef = 09A4E5272825206D006EC785 /* TripSummaryView.swift */; };
		09BF6F342817E32800032B0D /* ScooterModel.swift in Sources */ = {isa = PBXBuildFile; fileRef = 09BF6F332817E32800032B0D /* ScooterModel.swift */; };
		09BF6F382817F31100032B0D /* TopBar.swift in Sources */ = {isa = PBXBuildFile; fileRef = 09BF6F372817F31100032B0D /* TopBar.swift */; };
		09BF6F3A2817FA9400032B0D /* BatteryView.swift in Sources */ = {isa = PBXBuildFile; fileRef = 09BF6F392817FA9400032B0D /* BatteryView.swift */; };
		09CAB60427FC329700A1735A /* TextFieldView.swift in Sources */ = {isa = PBXBuildFile; fileRef = 09CAB60327FC329700A1735A /* TextFieldView.swift */; };
		09D2AA9B280D4F8500FF659B /* API.swift in Sources */ = {isa = PBXBuildFile; fileRef = 09D2AA9A280D4F8500FF659B /* API.swift */; };
		09D2AA9D280D547600FF659B /* CustomerModel.swift in Sources */ = {isa = PBXBuildFile; fileRef = 09D2AA9C280D547600FF659B /* CustomerModel.swift */; };
		09D2AA9F280D5F3B00FF659B /* Session.swift in Sources */ = {isa = PBXBuildFile; fileRef = 09D2AA9E280D5F3B00FF659B /* Session.swift */; };
		09D2AAA1280D99D200FF659B /* AuthenticationModel.swift in Sources */ = {isa = PBXBuildFile; fileRef = 09D2AAA0280D99D200FF659B /* AuthenticationModel.swift */; };
		09D2AAA3280DA17A00FF659B /* ErrorMessageView.swift in Sources */ = {isa = PBXBuildFile; fileRef = 09D2AAA2280DA17A00FF659B /* ErrorMessageView.swift */; };
		09D2AAA5280DA46D00FF659B /* Message.swift in Sources */ = {isa = PBXBuildFile; fileRef = 09D2AAA4280DA46D00FF659B /* Message.swift */; };
		09DE7744281BDE190008B4E9 /* ScooterUnlockView.swift in Sources */ = {isa = PBXBuildFile; fileRef = 09DE7743281BDE190008B4E9 /* ScooterUnlockView.swift */; };
		09F4D547281986C600B19962 /* ShowScootersView.swift in Sources */ = {isa = PBXBuildFile; fileRef = 09F4D546281986C600B19962 /* ShowScootersView.swift */; };
		09F4D54928199E8500B19962 /* HistoryView.swift in Sources */ = {isa = PBXBuildFile; fileRef = 09F4D54828199E8500B19962 /* HistoryView.swift */; };
		09F4D54B281A6AC200B19962 /* UnlockViewSerialNumber.swift in Sources */ = {isa = PBXBuildFile; fileRef = 09F4D54A281A6AC200B19962 /* UnlockViewSerialNumber.swift */; };
		09F4D54D281A6AD400B19962 /* ValidCodeView.swift in Sources */ = {isa = PBXBuildFile; fileRef = 09F4D54C281A6AD400B19962 /* ValidCodeView.swift */; };
		09F4D54F281A6AE400B19962 /* UnlockViewNFC.swift in Sources */ = {isa = PBXBuildFile; fileRef = 09F4D54E281A6AE400B19962 /* UnlockViewNFC.swift */; };
		09F4D551281A6E4400B19962 /* CloseButtonTopBar.swift in Sources */ = {isa = PBXBuildFile; fileRef = 09F4D550281A6E4400B19962 /* CloseButtonTopBar.swift */; };
		09F4D553281A9EC900B19962 /* SerialNumberViewModel.swift in Sources */ = {isa = PBXBuildFile; fileRef = 09F4D552281A9EC900B19962 /* SerialNumberViewModel.swift */; };
		09F4D555281ABDF700B19962 /* ChangePasswordViewModel.swift in Sources */ = {isa = PBXBuildFile; fileRef = 09F4D554281ABDF700B19962 /* ChangePasswordViewModel.swift */; };
		09F4D557281ACDB600B19962 /* TripModel.swift in Sources */ = {isa = PBXBuildFile; fileRef = 09F4D556281ACDB600B19962 /* TripModel.swift */; };
/* End PBXBuildFile section */

/* Begin PBXFileReference section */
		01382B4723B152CFD3CDE248 /* Pods-eScooter.debug.xcconfig */ = {isa = PBXFileReference; includeInIndex = 1; lastKnownFileType = text.xcconfig; name = "Pods-eScooter.debug.xcconfig"; path = "Target Support Files/Pods-eScooter/Pods-eScooter.debug.xcconfig"; sourceTree = "<group>"; };
		0921518A27EDFB14005947ED /* eScooter.app */ = {isa = PBXFileReference; explicitFileType = wrapper.application; includeInIndex = 0; path = eScooter.app; sourceTree = BUILT_PRODUCTS_DIR; };
		0921518D27EDFB14005947ED /* eScooterApp.swift */ = {isa = PBXFileReference; lastKnownFileType = sourcecode.swift; path = eScooterApp.swift; sourceTree = "<group>"; };
		0921518F27EDFB14005947ED /* ContentView.swift */ = {isa = PBXFileReference; lastKnownFileType = sourcecode.swift; path = ContentView.swift; sourceTree = "<group>"; };
		0921519127EDFB18005947ED /* Assets.xcassets */ = {isa = PBXFileReference; lastKnownFileType = folder.assetcatalog; path = Assets.xcassets; sourceTree = "<group>"; };
		0921519427EDFB18005947ED /* Preview Assets.xcassets */ = {isa = PBXFileReference; lastKnownFileType = folder.assetcatalog; path = "Preview Assets.xcassets"; sourceTree = "<group>"; };
		092672822806C63100AEB331 /* LocationTopBar.swift */ = {isa = PBXFileReference; lastKnownFileType = sourcecode.swift; path = LocationTopBar.swift; sourceTree = "<group>"; };
		092672842806CE5B00AEB331 /* MapView.swift */ = {isa = PBXFileReference; lastKnownFileType = sourcecode.swift; path = MapView.swift; sourceTree = "<group>"; };
		092672862806DE6000AEB331 /* LocationManager.swift */ = {isa = PBXFileReference; lastKnownFileType = sourcecode.swift; path = LocationManager.swift; sourceTree = "<group>"; };
		0926728F280B02A600AEB331 /* MenuCoordinator.swift */ = {isa = PBXFileReference; lastKnownFileType = sourcecode.swift; path = MenuCoordinator.swift; sourceTree = "<group>"; };
		09267293280B0B3700AEB331 /* MapCoordinator.swift */ = {isa = PBXFileReference; lastKnownFileType = sourcecode.swift; path = MapCoordinator.swift; sourceTree = "<group>"; };
		095A18E827F1BE6700A4E7D3 /* OnboardingView.swift */ = {isa = PBXFileReference; lastKnownFileType = sourcecode.swift; path = OnboardingView.swift; sourceTree = "<group>"; };
		095A18ED27F1F9B300A4E7D3 /* OnBoardingModel.swift */ = {isa = PBXFileReference; lastKnownFileType = sourcecode.swift; path = OnBoardingModel.swift; sourceTree = "<group>"; };
		095A18F027F4764000A4E7D3 /* Info.plist */ = {isa = PBXFileReference; lastKnownFileType = text.plist; path = Info.plist; sourceTree = "<group>"; };
		095A18F327F47DBC00A4E7D3 /* Launch Screen.storyboard */ = {isa = PBXFileReference; lastKnownFileType = file.storyboard; path = "Launch Screen.storyboard"; sourceTree = "<group>"; };
		095A18F627F489EF00A4E7D3 /* OFL.txt */ = {isa = PBXFileReference; fileEncoding = 4; lastKnownFileType = text; path = OFL.txt; sourceTree = "<group>"; };
		095A18F727F489EF00A4E7D3 /* BaiJamjuree-SemiBoldItalic.ttf */ = {isa = PBXFileReference; lastKnownFileType = file; path = "BaiJamjuree-SemiBoldItalic.ttf"; sourceTree = "<group>"; };
		095A18F827F489EF00A4E7D3 /* BaiJamjuree-ExtraLight.ttf */ = {isa = PBXFileReference; lastKnownFileType = file; path = "BaiJamjuree-ExtraLight.ttf"; sourceTree = "<group>"; };
		095A18F927F489EF00A4E7D3 /* BaiJamjuree-Regular.ttf */ = {isa = PBXFileReference; lastKnownFileType = file; path = "BaiJamjuree-Regular.ttf"; sourceTree = "<group>"; };
		095A18FA27F489EF00A4E7D3 /* BaiJamjuree-ExtraLightItalic.ttf */ = {isa = PBXFileReference; lastKnownFileType = file; path = "BaiJamjuree-ExtraLightItalic.ttf"; sourceTree = "<group>"; };
		095A18FB27F489F000A4E7D3 /* BaiJamjuree-SemiBold.ttf */ = {isa = PBXFileReference; lastKnownFileType = file; path = "BaiJamjuree-SemiBold.ttf"; sourceTree = "<group>"; };
		095A18FC27F489F000A4E7D3 /* BaiJamjuree-Italic.ttf */ = {isa = PBXFileReference; lastKnownFileType = file; path = "BaiJamjuree-Italic.ttf"; sourceTree = "<group>"; };
		095A18FD27F489F000A4E7D3 /* BaiJamjuree-Medium.ttf */ = {isa = PBXFileReference; lastKnownFileType = file; path = "BaiJamjuree-Medium.ttf"; sourceTree = "<group>"; };
		095A18FE27F489F000A4E7D3 /* BaiJamjuree-LightItalic.ttf */ = {isa = PBXFileReference; lastKnownFileType = file; path = "BaiJamjuree-LightItalic.ttf"; sourceTree = "<group>"; };
		095A18FF27F489F000A4E7D3 /* BaiJamjuree-MediumItalic.ttf */ = {isa = PBXFileReference; lastKnownFileType = file; path = "BaiJamjuree-MediumItalic.ttf"; sourceTree = "<group>"; };
		095A190027F489F000A4E7D3 /* BaiJamjuree-Light.ttf */ = {isa = PBXFileReference; lastKnownFileType = file; path = "BaiJamjuree-Light.ttf"; sourceTree = "<group>"; };
		095A190127F489F100A4E7D3 /* BaiJamjuree-BoldItalic.ttf */ = {isa = PBXFileReference; lastKnownFileType = file; path = "BaiJamjuree-BoldItalic.ttf"; sourceTree = "<group>"; };
		095A190227F489F100A4E7D3 /* BaiJamjuree-Bold.ttf */ = {isa = PBXFileReference; lastKnownFileType = file; path = "BaiJamjuree-Bold.ttf"; sourceTree = "<group>"; };
		09804CD328213C3300EC0962 /* HistoryViewModel.swift */ = {isa = PBXFileReference; lastKnownFileType = sourcecode.swift; path = HistoryViewModel.swift; sourceTree = "<group>"; };
		0982B2C927FD80BB003D8B60 /* TextFieldViewModifier.swift */ = {isa = PBXFileReference; lastKnownFileType = sourcecode.swift; path = TextFieldViewModifier.swift; sourceTree = "<group>"; };
		0982B2CB27FD8B3D003D8B60 /* SecureTextFieldView.swift */ = {isa = PBXFileReference; lastKnownFileType = sourcecode.swift; path = SecureTextFieldView.swift; sourceTree = "<group>"; };
		0982B2D127FD97DC003D8B60 /* ForgotPasswordView.swift */ = {isa = PBXFileReference; lastKnownFileType = sourcecode.swift; path = ForgotPasswordView.swift; sourceTree = "<group>"; };
		0982B2D327FD9AD3003D8B60 /* ResetPasswordView.swift */ = {isa = PBXFileReference; lastKnownFileType = sourcecode.swift; path = ResetPasswordView.swift; sourceTree = "<group>"; };
		0982B2D527FD9F24003D8B60 /* DrivingLicenseView.swift */ = {isa = PBXFileReference; lastKnownFileType = sourcecode.swift; path = DrivingLicenseView.swift; sourceTree = "<group>"; };
		0982B2D828040D53003D8B60 /* BackButtonTopBar.swift */ = {isa = PBXFileReference; lastKnownFileType = sourcecode.swift; path = BackButtonTopBar.swift; sourceTree = "<group>"; };
		0982B2DC28041E24003D8B60 /* DrivingLicensePendingVerification.swift */ = {isa = PBXFileReference; lastKnownFileType = sourcecode.swift; path = DrivingLicensePendingVerification.swift; sourceTree = "<group>"; };
		0982B2DE28041E30003D8B60 /* ValidLicense.swift */ = {isa = PBXFileReference; lastKnownFileType = sourcecode.swift; path = ValidLicense.swift; sourceTree = "<group>"; };
		0982B2E028042685003D8B60 /* ScanDocumentView.swift */ = {isa = PBXFileReference; lastKnownFileType = sourcecode.swift; path = ScanDocumentView.swift; sourceTree = "<group>"; };
		0982B2E228042F66003D8B60 /* ImagePickerView.swift */ = {isa = PBXFileReference; lastKnownFileType = sourcecode.swift; path = ImagePickerView.swift; sourceTree = "<group>"; };
		0982B2E428044519003D8B60 /* MenuView.swift */ = {isa = PBXFileReference; lastKnownFileType = sourcecode.swift; path = MenuView.swift; sourceTree = "<group>"; };
		0982B2E82804453C003D8B60 /* AccountSettingsView.swift */ = {isa = PBXFileReference; lastKnownFileType = sourcecode.swift; path = AccountSettingsView.swift; sourceTree = "<group>"; };
		0982B2EA2804454F003D8B60 /* ChangePasswordView.swift */ = {isa = PBXFileReference; lastKnownFileType = sourcecode.swift; path = ChangePasswordView.swift; sourceTree = "<group>"; };
		0982B2EC28055A1E003D8B60 /* BackgroundView.swift */ = {isa = PBXFileReference; lastKnownFileType = sourcecode.swift; path = BackgroundView.swift; sourceTree = "<group>"; };
		0984226B27F6E13500361D60 /* RegistrationView.swift */ = {isa = PBXFileReference; lastKnownFileType = sourcecode.swift; path = RegistrationView.swift; sourceTree = "<group>"; };
		0984226D27F6E14100361D60 /* LoginView.swift */ = {isa = PBXFileReference; lastKnownFileType = sourcecode.swift; path = LoginView.swift; sourceTree = "<group>"; };
		0984226F27F6EFB600361D60 /* RegisterViewModel.swift */ = {isa = PBXFileReference; lastKnownFileType = sourcecode.swift; path = RegisterViewModel.swift; sourceTree = "<group>"; };
		098F97E128283631003DC53F /* OngoingModel.swift */ = {isa = PBXFileReference; lastKnownFileType = sourcecode.swift; path = OngoingModel.swift; sourceTree = "<group>"; };
		0991E8F427FAC89D00B8A525 /* LoginViewModel.swift */ = {isa = PBXFileReference; lastKnownFileType = sourcecode.swift; path = LoginViewModel.swift; sourceTree = "<group>"; };
		0991E8F927FAD9DA00B8A525 /* AuthentificationCoordinator.swift */ = {isa = PBXFileReference; lastKnownFileType = sourcecode.swift; path = AuthentificationCoordinator.swift; sourceTree = "<group>"; };
		099655AF281FD2620079D47F /* MapCoordinatorViewModel.swift */ = {isa = PBXFileReference; lastKnownFileType = sourcecode.swift; path = MapCoordinatorViewModel.swift; sourceTree = "<group>"; };
		099655B3282102410079D47F /* ScooterCardViewModel.swift */ = {isa = PBXFileReference; lastKnownFileType = sourcecode.swift; path = ScooterCardViewModel.swift; sourceTree = "<group>"; };
		099655B5282107C20079D47F /* StartRideView.swift */ = {isa = PBXFileReference; lastKnownFileType = sourcecode.swift; path = StartRideView.swift; sourceTree = "<group>"; };
		099655B7282107F90079D47F /* TripDetailsView.swift */ = {isa = PBXFileReference; lastKnownFileType = sourcecode.swift; path = TripDetailsView.swift; sourceTree = "<group>"; };
		0997F6BB280EA68400B32C96 /* ImageToUIImage.swift */ = {isa = PBXFileReference; lastKnownFileType = sourcecode.swift; path = ImageToUIImage.swift; sourceTree = "<group>"; };
		0997F6BF280FF8DC00B32C96 /* MapViewModel.swift */ = {isa = PBXFileReference; lastKnownFileType = sourcecode.swift; path = MapViewModel.swift; sourceTree = "<group>"; };
		0997F6C1281011C000B32C96 /* MenuViewModel.swift */ = {isa = PBXFileReference; lastKnownFileType = sourcecode.swift; path = MenuViewModel.swift; sourceTree = "<group>"; };
		0997F6C328106E4000B32C96 /* Links.swift */ = {isa = PBXFileReference; lastKnownFileType = sourcecode.swift; path = Links.swift; sourceTree = "<group>"; };
		09A3A35F2812B9B500D82368 /* ScooterCardView.swift */ = {isa = PBXFileReference; lastKnownFileType = sourcecode.swift; path = ScooterCardView.swift; sourceTree = "<group>"; };
		09A4E51D2821B44F006EC785 /* RefreshableScrollView.swift */ = {isa = PBXFileReference; lastKnownFileType = sourcecode.swift; path = RefreshableScrollView.swift; sourceTree = "<group>"; };
		09A4E51F28225AB1006EC785 /* UnlockViewQr.swift */ = {isa = PBXFileReference; lastKnownFileType = sourcecode.swift; path = UnlockViewQr.swift; sourceTree = "<group>"; };
		09A4E5212822A054006EC785 /* QRScannerView.swift */ = {isa = PBXFileReference; lastKnownFileType = sourcecode.swift; path = QRScannerView.swift; sourceTree = "<group>"; };
		09A4E52528252026006EC785 /* TripDetailsViewModel.swift */ = {isa = PBXFileReference; lastKnownFileType = sourcecode.swift; path = TripDetailsViewModel.swift; sourceTree = "<group>"; };
		09A4E5272825206D006EC785 /* TripSummaryView.swift */ = {isa = PBXFileReference; lastKnownFileType = sourcecode.swift; path = TripSummaryView.swift; sourceTree = "<group>"; };
		09BF6F332817E32800032B0D /* ScooterModel.swift */ = {isa = PBXFileReference; lastKnownFileType = sourcecode.swift; path = ScooterModel.swift; sourceTree = "<group>"; };
		09BF6F372817F31100032B0D /* TopBar.swift */ = {isa = PBXFileReference; lastKnownFileType = sourcecode.swift; path = TopBar.swift; sourceTree = "<group>"; };
		09BF6F392817FA9400032B0D /* BatteryView.swift */ = {isa = PBXFileReference; lastKnownFileType = sourcecode.swift; path = BatteryView.swift; sourceTree = "<group>"; };
		09CAB60327FC329700A1735A /* TextFieldView.swift */ = {isa = PBXFileReference; lastKnownFileType = sourcecode.swift; path = TextFieldView.swift; sourceTree = "<group>"; };
		09D2AA9A280D4F8500FF659B /* API.swift */ = {isa = PBXFileReference; lastKnownFileType = sourcecode.swift; path = API.swift; sourceTree = "<group>"; };
		09D2AA9C280D547600FF659B /* CustomerModel.swift */ = {isa = PBXFileReference; lastKnownFileType = sourcecode.swift; path = CustomerModel.swift; sourceTree = "<group>"; };
		09D2AA9E280D5F3B00FF659B /* Session.swift */ = {isa = PBXFileReference; lastKnownFileType = sourcecode.swift; path = Session.swift; sourceTree = "<group>"; };
		09D2AAA0280D99D200FF659B /* AuthenticationModel.swift */ = {isa = PBXFileReference; lastKnownFileType = sourcecode.swift; path = AuthenticationModel.swift; sourceTree = "<group>"; };
		09D2AAA2280DA17A00FF659B /* ErrorMessageView.swift */ = {isa = PBXFileReference; lastKnownFileType = sourcecode.swift; path = ErrorMessageView.swift; sourceTree = "<group>"; };
		09D2AAA4280DA46D00FF659B /* Message.swift */ = {isa = PBXFileReference; lastKnownFileType = sourcecode.swift; path = Message.swift; sourceTree = "<group>"; };
		09DE7743281BDE190008B4E9 /* ScooterUnlockView.swift */ = {isa = PBXFileReference; lastKnownFileType = sourcecode.swift; path = ScooterUnlockView.swift; sourceTree = "<group>"; };
		09F4D546281986C600B19962 /* ShowScootersView.swift */ = {isa = PBXFileReference; lastKnownFileType = sourcecode.swift; path = ShowScootersView.swift; sourceTree = "<group>"; };
		09F4D54828199E8500B19962 /* HistoryView.swift */ = {isa = PBXFileReference; lastKnownFileType = sourcecode.swift; path = HistoryView.swift; sourceTree = "<group>"; };
		09F4D54A281A6AC200B19962 /* UnlockViewSerialNumber.swift */ = {isa = PBXFileReference; lastKnownFileType = sourcecode.swift; path = UnlockViewSerialNumber.swift; sourceTree = "<group>"; };
		09F4D54C281A6AD400B19962 /* ValidCodeView.swift */ = {isa = PBXFileReference; lastKnownFileType = sourcecode.swift; path = ValidCodeView.swift; sourceTree = "<group>"; };
		09F4D54E281A6AE400B19962 /* UnlockViewNFC.swift */ = {isa = PBXFileReference; lastKnownFileType = sourcecode.swift; path = UnlockViewNFC.swift; sourceTree = "<group>"; };
		09F4D550281A6E4400B19962 /* CloseButtonTopBar.swift */ = {isa = PBXFileReference; lastKnownFileType = sourcecode.swift; path = CloseButtonTopBar.swift; sourceTree = "<group>"; };
		09F4D552281A9EC900B19962 /* SerialNumberViewModel.swift */ = {isa = PBXFileReference; lastKnownFileType = sourcecode.swift; path = SerialNumberViewModel.swift; sourceTree = "<group>"; };
		09F4D554281ABDF700B19962 /* ChangePasswordViewModel.swift */ = {isa = PBXFileReference; lastKnownFileType = sourcecode.swift; path = ChangePasswordViewModel.swift; sourceTree = "<group>"; };
		09F4D556281ACDB600B19962 /* TripModel.swift */ = {isa = PBXFileReference; lastKnownFileType = sourcecode.swift; path = TripModel.swift; sourceTree = "<group>"; };
		B0F4BD2F1780E4218A691E3A /* Pods-eScooter.release.xcconfig */ = {isa = PBXFileReference; includeInIndex = 1; lastKnownFileType = text.xcconfig; name = "Pods-eScooter.release.xcconfig"; path = "Target Support Files/Pods-eScooter/Pods-eScooter.release.xcconfig"; sourceTree = "<group>"; };
		B8287E38A9ECD107F45A2AD3 /* Pods_eScooter.framework */ = {isa = PBXFileReference; explicitFileType = wrapper.framework; includeInIndex = 0; path = Pods_eScooter.framework; sourceTree = BUILT_PRODUCTS_DIR; };
/* End PBXFileReference section */

/* Begin PBXFrameworksBuildPhase section */
		0921518727EDFB14005947ED /* Frameworks */ = {
			isa = PBXFrameworksBuildPhase;
			buildActionMask = 2147483647;
			files = (
				0991E8F827FAD4D100B8A525 /* NavigationStack in Frameworks */,
				009D43C94467E151F9C3F42E /* Pods_eScooter.framework in Frameworks */,
			);
			runOnlyForDeploymentPostprocessing = 0;
		};
/* End PBXFrameworksBuildPhase section */

/* Begin PBXGroup section */
		0921518127EDFB14005947ED = {
			isa = PBXGroup;
			children = (
				0921518C27EDFB14005947ED /* eScooter */,
				0921518B27EDFB14005947ED /* Products */,
				1E8837CAC2AE8E5942138297 /* Pods */,
				CF51EFF37C3E444F972A9487 /* Frameworks */,
			);
			sourceTree = "<group>";
		};
		0921518B27EDFB14005947ED /* Products */ = {
			isa = PBXGroup;
			children = (
				0921518A27EDFB14005947ED /* eScooter.app */,
			);
			name = Products;
			sourceTree = "<group>";
		};
		0921518C27EDFB14005947ED /* eScooter */ = {
			isa = PBXGroup;
			children = (
				09D2AA99280D4F3900FF659B /* API */,
				0926728E280B025A00AEB331 /* CoordinatorViews */,
				0982B2D027FD97BF003D8B60 /* MenuView */,
				0982B2CF27FD97B3003D8B60 /* MapView */,
				0982B2CE27FD9793003D8B60 /* DrivingLicenseView */,
				0982B2CD27FD977D003D8B60 /* ForgotPasswordView */,
				0982B2C827FD80A4003D8B60 /* ViewModifiers */,
				095A18EF27F4727000A4E7D3 /* AuthenticationView */,
				095A18E727F1BE4A00A4E7D3 /* OnboardingView */,
				09EE35C427EE05FF00701877 /* ViewModel */,
				0982B2D728040C7A003D8B60 /* ReusableComponents */,
				09EE35C227EE05F000701877 /* Model */,
				095A18F527F489D200A4E7D3 /* Fonts */,
				0921518D27EDFB14005947ED /* eScooterApp.swift */,
				0921518F27EDFB14005947ED /* ContentView.swift */,
				095A18F027F4764000A4E7D3 /* Info.plist */,
				095A18F327F47DBC00A4E7D3 /* Launch Screen.storyboard */,
				0921519127EDFB18005947ED /* Assets.xcassets */,
				0921519327EDFB18005947ED /* Preview Content */,
			);
			path = eScooter;
			sourceTree = "<group>";
		};
		0921519327EDFB18005947ED /* Preview Content */ = {
			isa = PBXGroup;
			children = (
				0921519427EDFB18005947ED /* Preview Assets.xcassets */,
			);
			path = "Preview Content";
			sourceTree = "<group>";
		};
		0926728E280B025A00AEB331 /* CoordinatorViews */ = {
			isa = PBXGroup;
			children = (
				0991E8F927FAD9DA00B8A525 /* AuthentificationCoordinator.swift */,
				0926728F280B02A600AEB331 /* MenuCoordinator.swift */,
				09267293280B0B3700AEB331 /* MapCoordinator.swift */,
				099655AF281FD2620079D47F /* MapCoordinatorViewModel.swift */,
			);
			path = CoordinatorViews;
			sourceTree = "<group>";
		};
		095A18E727F1BE4A00A4E7D3 /* OnboardingView */ = {
			isa = PBXGroup;
			children = (
				095A18E827F1BE6700A4E7D3 /* OnboardingView.swift */,
			);
			path = OnboardingView;
			sourceTree = "<group>";
		};
		095A18EF27F4727000A4E7D3 /* AuthenticationView */ = {
			isa = PBXGroup;
			children = (
				0984226B27F6E13500361D60 /* RegistrationView.swift */,
				0984226D27F6E14100361D60 /* LoginView.swift */,
			);
			path = AuthenticationView;
			sourceTree = "<group>";
		};
		095A18F527F489D200A4E7D3 /* Fonts */ = {
			isa = PBXGroup;
			children = (
				095A190227F489F100A4E7D3 /* BaiJamjuree-Bold.ttf */,
				095A190127F489F100A4E7D3 /* BaiJamjuree-BoldItalic.ttf */,
				095A18F827F489EF00A4E7D3 /* BaiJamjuree-ExtraLight.ttf */,
				095A18FA27F489EF00A4E7D3 /* BaiJamjuree-ExtraLightItalic.ttf */,
				095A18FC27F489F000A4E7D3 /* BaiJamjuree-Italic.ttf */,
				095A190027F489F000A4E7D3 /* BaiJamjuree-Light.ttf */,
				095A18FE27F489F000A4E7D3 /* BaiJamjuree-LightItalic.ttf */,
				095A18FD27F489F000A4E7D3 /* BaiJamjuree-Medium.ttf */,
				095A18FF27F489F000A4E7D3 /* BaiJamjuree-MediumItalic.ttf */,
				095A18F927F489EF00A4E7D3 /* BaiJamjuree-Regular.ttf */,
				095A18FB27F489F000A4E7D3 /* BaiJamjuree-SemiBold.ttf */,
				095A18F727F489EF00A4E7D3 /* BaiJamjuree-SemiBoldItalic.ttf */,
				095A18F627F489EF00A4E7D3 /* OFL.txt */,
			);
			path = Fonts;
			sourceTree = "<group>";
		};
		0982B2C827FD80A4003D8B60 /* ViewModifiers */ = {
			isa = PBXGroup;
			children = (
				0982B2C927FD80BB003D8B60 /* TextFieldViewModifier.swift */,
			);
			path = ViewModifiers;
			sourceTree = "<group>";
		};
		0982B2CD27FD977D003D8B60 /* ForgotPasswordView */ = {
			isa = PBXGroup;
			children = (
				0982B2D127FD97DC003D8B60 /* ForgotPasswordView.swift */,
				0982B2D327FD9AD3003D8B60 /* ResetPasswordView.swift */,
			);
			path = ForgotPasswordView;
			sourceTree = "<group>";
		};
		0982B2CE27FD9793003D8B60 /* DrivingLicenseView */ = {
			isa = PBXGroup;
			children = (
				0982B2D527FD9F24003D8B60 /* DrivingLicenseView.swift */,
				0982B2DC28041E24003D8B60 /* DrivingLicensePendingVerification.swift */,
				0982B2DE28041E30003D8B60 /* ValidLicense.swift */,
			);
			path = DrivingLicenseView;
			sourceTree = "<group>";
		};
		0982B2CF27FD97B3003D8B60 /* MapView */ = {
			isa = PBXGroup;
			children = (
				092672842806CE5B00AEB331 /* MapView.swift */,
				092672862806DE6000AEB331 /* LocationManager.swift */,
				092672822806C63100AEB331 /* LocationTopBar.swift */,
				09A3A35F2812B9B500D82368 /* ScooterCardView.swift */,
				099655B3282102410079D47F /* ScooterCardViewModel.swift */,
				09F4D546281986C600B19962 /* ShowScootersView.swift */,
				09F4D54A281A6AC200B19962 /* UnlockViewSerialNumber.swift */,
				09F4D552281A9EC900B19962 /* SerialNumberViewModel.swift */,
				09F4D54E281A6AE400B19962 /* UnlockViewNFC.swift */,
				09A4E51F28225AB1006EC785 /* UnlockViewQr.swift */,
				09DE7743281BDE190008B4E9 /* ScooterUnlockView.swift */,
				09F4D54C281A6AD400B19962 /* ValidCodeView.swift */,
				099655B5282107C20079D47F /* StartRideView.swift */,
				099655B7282107F90079D47F /* TripDetailsView.swift */,
				09A4E52528252026006EC785 /* TripDetailsViewModel.swift */,
				09A4E5272825206D006EC785 /* TripSummaryView.swift */,
			);
			path = MapView;
			sourceTree = "<group>";
		};
		0982B2D027FD97BF003D8B60 /* MenuView */ = {
			isa = PBXGroup;
			children = (
				0982B2E428044519003D8B60 /* MenuView.swift */,
				0982B2E82804453C003D8B60 /* AccountSettingsView.swift */,
				0982B2EA2804454F003D8B60 /* ChangePasswordView.swift */,
				09F4D54828199E8500B19962 /* HistoryView.swift */,
				09804CD328213C3300EC0962 /* HistoryViewModel.swift */,
				09F4D554281ABDF700B19962 /* ChangePasswordViewModel.swift */,
			);
			path = MenuView;
			sourceTree = "<group>";
		};
		0982B2D728040C7A003D8B60 /* ReusableComponents */ = {
			isa = PBXGroup;
			children = (
				09BF6F392817FA9400032B0D /* BatteryView.swift */,
				09CAB60327FC329700A1735A /* TextFieldView.swift */,
				0982B2CB27FD8B3D003D8B60 /* SecureTextFieldView.swift */,
				0982B2D828040D53003D8B60 /* BackButtonTopBar.swift */,
				0982B2EC28055A1E003D8B60 /* BackgroundView.swift */,
				0982B2E028042685003D8B60 /* ScanDocumentView.swift */,
				0982B2E228042F66003D8B60 /* ImagePickerView.swift */,
				09D2AAA2280DA17A00FF659B /* ErrorMessageView.swift */,
				0997F6BB280EA68400B32C96 /* ImageToUIImage.swift */,
				0997F6C328106E4000B32C96 /* Links.swift */,
				09BF6F372817F31100032B0D /* TopBar.swift */,
				09F4D550281A6E4400B19962 /* CloseButtonTopBar.swift */,
				09A4E51D2821B44F006EC785 /* RefreshableScrollView.swift */,
				09A4E5212822A054006EC785 /* QRScannerView.swift */,
			);
			path = ReusableComponents;
			sourceTree = "<group>";
		};
		09D2AA99280D4F3900FF659B /* API */ = {
			isa = PBXGroup;
			children = (
				09D2AA9A280D4F8500FF659B /* API.swift */,
				09D2AA9E280D5F3B00FF659B /* Session.swift */,
			);
			path = API;
			sourceTree = "<group>";
		};
		09EE35C227EE05F000701877 /* Model */ = {
			isa = PBXGroup;
			children = (
				095A18ED27F1F9B300A4E7D3 /* OnBoardingModel.swift */,
				09D2AA9C280D547600FF659B /* CustomerModel.swift */,
				09D2AAA0280D99D200FF659B /* AuthenticationModel.swift */,
				09D2AAA4280DA46D00FF659B /* Message.swift */,
				09BF6F332817E32800032B0D /* ScooterModel.swift */,
				09F4D556281ACDB600B19962 /* TripModel.swift */,
				098F97E128283631003DC53F /* OngoingModel.swift */,
			);
			path = Model;
			sourceTree = "<group>";
		};
		09EE35C427EE05FF00701877 /* ViewModel */ = {
			isa = PBXGroup;
			children = (
				0984226F27F6EFB600361D60 /* RegisterViewModel.swift */,
				0991E8F427FAC89D00B8A525 /* LoginViewModel.swift */,
				0997F6BF280FF8DC00B32C96 /* MapViewModel.swift */,
				0997F6C1281011C000B32C96 /* MenuViewModel.swift */,
			);
			path = ViewModel;
			sourceTree = "<group>";
		};
		1E8837CAC2AE8E5942138297 /* Pods */ = {
			isa = PBXGroup;
			children = (
				01382B4723B152CFD3CDE248 /* Pods-eScooter.debug.xcconfig */,
				B0F4BD2F1780E4218A691E3A /* Pods-eScooter.release.xcconfig */,
			);
			path = Pods;
			sourceTree = "<group>";
		};
		CF51EFF37C3E444F972A9487 /* Frameworks */ = {
			isa = PBXGroup;
			children = (
				B8287E38A9ECD107F45A2AD3 /* Pods_eScooter.framework */,
			);
			name = Frameworks;
			sourceTree = "<group>";
		};
/* End PBXGroup section */

/* Begin PBXNativeTarget section */
		0921518927EDFB14005947ED /* eScooter */ = {
			isa = PBXNativeTarget;
			buildConfigurationList = 0921519827EDFB18005947ED /* Build configuration list for PBXNativeTarget "eScooter" */;
			buildPhases = (
				2B6809D0BD6C47A5981F5CE7 /* [CP] Check Pods Manifest.lock */,
				0921518627EDFB14005947ED /* Sources */,
				0921518727EDFB14005947ED /* Frameworks */,
				0921518827EDFB14005947ED /* Resources */,
				5367E9E86CB99D26AC964C9B /* [CP] Embed Pods Frameworks */,
			);
			buildRules = (
			);
			dependencies = (
			);
			name = eScooter;
			packageProductDependencies = (
				0991E8F727FAD4D100B8A525 /* NavigationStack */,
			);
			productName = eScooter;
			productReference = 0921518A27EDFB14005947ED /* eScooter.app */;
			productType = "com.apple.product-type.application";
		};
/* End PBXNativeTarget section */

/* Begin PBXProject section */
		0921518227EDFB14005947ED /* Project object */ = {
			isa = PBXProject;
			attributes = {
				BuildIndependentTargetsInParallel = 1;
				LastSwiftUpdateCheck = 1330;
				LastUpgradeCheck = 1330;
				TargetAttributes = {
					0921518927EDFB14005947ED = {
						CreatedOnToolsVersion = 13.3;
					};
				};
			};
			buildConfigurationList = 0921518527EDFB14005947ED /* Build configuration list for PBXProject "eScooter" */;
			compatibilityVersion = "Xcode 13.0";
			developmentRegion = en;
			hasScannedForEncodings = 0;
			knownRegions = (
				en,
				Base,
			);
			mainGroup = 0921518127EDFB14005947ED;
			packageReferences = (
				0991E8F627FAD4D100B8A525 /* XCRemoteSwiftPackageReference "swiftui-navigation-stack" */,
			);
			productRefGroup = 0921518B27EDFB14005947ED /* Products */;
			projectDirPath = "";
			projectRoot = "";
			targets = (
				0921518927EDFB14005947ED /* eScooter */,
			);
		};
/* End PBXProject section */

/* Begin PBXResourcesBuildPhase section */
		0921518827EDFB14005947ED /* Resources */ = {
			isa = PBXResourcesBuildPhase;
			buildActionMask = 2147483647;
			files = (
				095A190527F489F100A4E7D3 /* BaiJamjuree-ExtraLight.ttf in Resources */,
				095A190A27F489F100A4E7D3 /* BaiJamjuree-Medium.ttf in Resources */,
				095A18F427F47DBC00A4E7D3 /* Launch Screen.storyboard in Resources */,
				0921519527EDFB18005947ED /* Preview Assets.xcassets in Resources */,
				095A190B27F489F100A4E7D3 /* BaiJamjuree-LightItalic.ttf in Resources */,
				095A190327F489F100A4E7D3 /* OFL.txt in Resources */,
				095A190E27F489F100A4E7D3 /* BaiJamjuree-BoldItalic.ttf in Resources */,
				095A190727F489F100A4E7D3 /* BaiJamjuree-ExtraLightItalic.ttf in Resources */,
				0921519227EDFB18005947ED /* Assets.xcassets in Resources */,
				095A190627F489F100A4E7D3 /* BaiJamjuree-Regular.ttf in Resources */,
				095A190927F489F100A4E7D3 /* BaiJamjuree-Italic.ttf in Resources */,
				095A190427F489F100A4E7D3 /* BaiJamjuree-SemiBoldItalic.ttf in Resources */,
				095A190F27F489F100A4E7D3 /* BaiJamjuree-Bold.ttf in Resources */,
				095A190C27F489F100A4E7D3 /* BaiJamjuree-MediumItalic.ttf in Resources */,
				095A190D27F489F100A4E7D3 /* BaiJamjuree-Light.ttf in Resources */,
				095A191027F48C7B00A4E7D3 /* BaiJamjuree-SemiBold.ttf in Resources */,
			);
			runOnlyForDeploymentPostprocessing = 0;
		};
/* End PBXResourcesBuildPhase section */

/* Begin PBXShellScriptBuildPhase section */
		2B6809D0BD6C47A5981F5CE7 /* [CP] Check Pods Manifest.lock */ = {
			isa = PBXShellScriptBuildPhase;
			buildActionMask = 2147483647;
			files = (
			);
			inputFileListPaths = (
			);
			inputPaths = (
				"${PODS_PODFILE_DIR_PATH}/Podfile.lock",
				"${PODS_ROOT}/Manifest.lock",
			);
			name = "[CP] Check Pods Manifest.lock";
			outputFileListPaths = (
			);
			outputPaths = (
				"$(DERIVED_FILE_DIR)/Pods-eScooter-checkManifestLockResult.txt",
			);
			runOnlyForDeploymentPostprocessing = 0;
			shellPath = /bin/sh;
			shellScript = "diff \"${PODS_PODFILE_DIR_PATH}/Podfile.lock\" \"${PODS_ROOT}/Manifest.lock\" > /dev/null\nif [ $? != 0 ] ; then\n    # print error to STDERR\n    echo \"error: The sandbox is not in sync with the Podfile.lock. Run 'pod install' or update your CocoaPods installation.\" >&2\n    exit 1\nfi\n# This output is used by Xcode 'outputs' to avoid re-running this script phase.\necho \"SUCCESS\" > \"${SCRIPT_OUTPUT_FILE_0}\"\n";
			showEnvVarsInLog = 0;
		};
		5367E9E86CB99D26AC964C9B /* [CP] Embed Pods Frameworks */ = {
			isa = PBXShellScriptBuildPhase;
			buildActionMask = 2147483647;
			files = (
			);
			inputFileListPaths = (
				"${PODS_ROOT}/Target Support Files/Pods-eScooter/Pods-eScooter-frameworks-${CONFIGURATION}-input-files.xcfilelist",
			);
			name = "[CP] Embed Pods Frameworks";
			outputFileListPaths = (
				"${PODS_ROOT}/Target Support Files/Pods-eScooter/Pods-eScooter-frameworks-${CONFIGURATION}-output-files.xcfilelist",
			);
			runOnlyForDeploymentPostprocessing = 0;
			shellPath = /bin/sh;
			shellScript = "\"${PODS_ROOT}/Target Support Files/Pods-eScooter/Pods-eScooter-frameworks.sh\"\n";
			showEnvVarsInLog = 0;
		};
/* End PBXShellScriptBuildPhase section */

/* Begin PBXSourcesBuildPhase section */
		0921518627EDFB14005947ED /* Sources */ = {
			isa = PBXSourcesBuildPhase;
			buildActionMask = 2147483647;
			files = (
				09F4D54D281A6AD400B19962 /* ValidCodeView.swift in Sources */,
				095A18E927F1BE6700A4E7D3 /* OnboardingView.swift in Sources */,
				09F4D54B281A6AC200B19962 /* UnlockViewSerialNumber.swift in Sources */,
				0991E8FA27FAD9DA00B8A525 /* AuthentificationCoordinator.swift in Sources */,
				09A4E5222822A054006EC785 /* QRScannerView.swift in Sources */,
				0982B2E92804453C003D8B60 /* AccountSettingsView.swift in Sources */,
				09D2AAA3280DA17A00FF659B /* ErrorMessageView.swift in Sources */,
				0984226E27F6E14100361D60 /* LoginView.swift in Sources */,
				09BF6F382817F31100032B0D /* TopBar.swift in Sources */,
				0982B2E128042685003D8B60 /* ScanDocumentView.swift in Sources */,
				0982B2E328042F66003D8B60 /* ImagePickerView.swift in Sources */,
				0982B2EB2804454F003D8B60 /* ChangePasswordView.swift in Sources */,
				09804CD428213C3300EC0962 /* HistoryViewModel.swift in Sources */,
				09CAB60427FC329700A1735A /* TextFieldView.swift in Sources */,
				0997F6BC280EA68400B32C96 /* ImageToUIImage.swift in Sources */,
				0982B2D627FD9F24003D8B60 /* DrivingLicenseView.swift in Sources */,
				0982B2E52804451A003D8B60 /* MenuView.swift in Sources */,
				092672852806CE5B00AEB331 /* MapView.swift in Sources */,
				099655B0281FD2620079D47F /* MapCoordinatorViewModel.swift in Sources */,
				095A18EE27F1F9B300A4E7D3 /* OnBoardingModel.swift in Sources */,
				09F4D553281A9EC900B19962 /* SerialNumberViewModel.swift in Sources */,
				09BF6F3A2817FA9400032B0D /* BatteryView.swift in Sources */,
				0982B2D928040D53003D8B60 /* BackButtonTopBar.swift in Sources */,
				09267294280B0B3700AEB331 /* MapCoordinator.swift in Sources */,
				099655B6282107C20079D47F /* StartRideView.swift in Sources */,
				09A4E52028225AB1006EC785 /* UnlockViewQr.swift in Sources */,
				0997F6C0280FF8DC00B32C96 /* MapViewModel.swift in Sources */,
				0982B2CA27FD80BB003D8B60 /* TextFieldViewModifier.swift in Sources */,
				0984227027F6EFB600361D60 /* RegisterViewModel.swift in Sources */,
				09D2AA9F280D5F3B00FF659B /* Session.swift in Sources */,
				09F4D54928199E8500B19962 /* HistoryView.swift in Sources */,
				0982B2ED28055A1E003D8B60 /* BackgroundView.swift in Sources */,
				0997F6C2281011C000B32C96 /* MenuViewModel.swift in Sources */,
				099655B8282107F90079D47F /* TripDetailsView.swift in Sources */,
				09F4D555281ABDF700B19962 /* ChangePasswordViewModel.swift in Sources */,
				09DE7744281BDE190008B4E9 /* ScooterUnlockView.swift in Sources */,
				0982B2D227FD97DC003D8B60 /* ForgotPasswordView.swift in Sources */,
				0991E8F527FAC89D00B8A525 /* LoginViewModel.swift in Sources */,
				09A4E52628252026006EC785 /* TripDetailsViewModel.swift in Sources */,
				09F4D551281A6E4400B19962 /* CloseButtonTopBar.swift in Sources */,
				092672832806C63100AEB331 /* LocationTopBar.swift in Sources */,
				09267290280B02A600AEB331 /* MenuCoordinator.swift in Sources */,
				09A4E5282825206D006EC785 /* TripSummaryView.swift in Sources */,
				0984226C27F6E13500361D60 /* RegistrationView.swift in Sources */,
				0982B2DF28041E30003D8B60 /* ValidLicense.swift in Sources */,
				09A3A3602812B9B500D82368 /* ScooterCardView.swift in Sources */,
				09BF6F342817E32800032B0D /* ScooterModel.swift in Sources */,
				098F97E228283631003DC53F /* OngoingModel.swift in Sources */,
				0997F6C428106E4000B32C96 /* Links.swift in Sources */,
				09F4D54F281A6AE400B19962 /* UnlockViewNFC.swift in Sources */,
				09F4D557281ACDB600B19962 /* TripModel.swift in Sources */,
				09D2AAA1280D99D200FF659B /* AuthenticationModel.swift in Sources */,
				09D2AAA5280DA46D00FF659B /* Message.swift in Sources */,
				0921519027EDFB14005947ED /* ContentView.swift in Sources */,
				0982B2D427FD9AD3003D8B60 /* ResetPasswordView.swift in Sources */,
				092672872806DE6000AEB331 /* LocationManager.swift in Sources */,
				09D2AA9D280D547600FF659B /* CustomerModel.swift in Sources */,
				0982B2DD28041E24003D8B60 /* DrivingLicensePendingVerification.swift in Sources */,
				099655B4282102410079D47F /* ScooterCardViewModel.swift in Sources */,
				0982B2CC27FD8B3D003D8B60 /* SecureTextFieldView.swift in Sources */,
				09D2AA9B280D4F8500FF659B /* API.swift in Sources */,
				0921518E27EDFB14005947ED /* eScooterApp.swift in Sources */,
				09F4D547281986C600B19962 /* ShowScootersView.swift in Sources */,
				09A4E51E2821B44F006EC785 /* RefreshableScrollView.swift in Sources */,
			);
			runOnlyForDeploymentPostprocessing = 0;
		};
/* End PBXSourcesBuildPhase section */

/* Begin XCBuildConfiguration section */
		0921519627EDFB18005947ED /* Debug */ = {
			isa = XCBuildConfiguration;
			buildSettings = {
				ALWAYS_SEARCH_USER_PATHS = NO;
				CLANG_ANALYZER_NONNULL = YES;
				CLANG_ANALYZER_NUMBER_OBJECT_CONVERSION = YES_AGGRESSIVE;
				CLANG_CXX_LANGUAGE_STANDARD = "gnu++17";
				CLANG_ENABLE_MODULES = YES;
				CLANG_ENABLE_OBJC_ARC = YES;
				CLANG_ENABLE_OBJC_WEAK = YES;
				CLANG_WARN_BLOCK_CAPTURE_AUTORELEASING = YES;
				CLANG_WARN_BOOL_CONVERSION = YES;
				CLANG_WARN_COMMA = YES;
				CLANG_WARN_CONSTANT_CONVERSION = YES;
				CLANG_WARN_DEPRECATED_OBJC_IMPLEMENTATIONS = YES;
				CLANG_WARN_DIRECT_OBJC_ISA_USAGE = YES_ERROR;
				CLANG_WARN_DOCUMENTATION_COMMENTS = YES;
				CLANG_WARN_EMPTY_BODY = YES;
				CLANG_WARN_ENUM_CONVERSION = YES;
				CLANG_WARN_INFINITE_RECURSION = YES;
				CLANG_WARN_INT_CONVERSION = YES;
				CLANG_WARN_NON_LITERAL_NULL_CONVERSION = YES;
				CLANG_WARN_OBJC_IMPLICIT_RETAIN_SELF = YES;
				CLANG_WARN_OBJC_LITERAL_CONVERSION = YES;
				CLANG_WARN_OBJC_ROOT_CLASS = YES_ERROR;
				CLANG_WARN_QUOTED_INCLUDE_IN_FRAMEWORK_HEADER = YES;
				CLANG_WARN_RANGE_LOOP_ANALYSIS = YES;
				CLANG_WARN_STRICT_PROTOTYPES = YES;
				CLANG_WARN_SUSPICIOUS_MOVE = YES;
				CLANG_WARN_UNGUARDED_AVAILABILITY = YES_AGGRESSIVE;
				CLANG_WARN_UNREACHABLE_CODE = YES;
				CLANG_WARN__DUPLICATE_METHOD_MATCH = YES;
				COPY_PHASE_STRIP = NO;
				DEBUG_INFORMATION_FORMAT = dwarf;
				ENABLE_STRICT_OBJC_MSGSEND = YES;
				ENABLE_TESTABILITY = YES;
				GCC_C_LANGUAGE_STANDARD = gnu11;
				GCC_DYNAMIC_NO_PIC = NO;
				GCC_NO_COMMON_BLOCKS = YES;
				GCC_OPTIMIZATION_LEVEL = 0;
				GCC_PREPROCESSOR_DEFINITIONS = (
					"DEBUG=1",
					"$(inherited)",
				);
				GCC_WARN_64_TO_32_BIT_CONVERSION = YES;
				GCC_WARN_ABOUT_RETURN_TYPE = YES_ERROR;
				GCC_WARN_UNDECLARED_SELECTOR = YES;
				GCC_WARN_UNINITIALIZED_AUTOS = YES_AGGRESSIVE;
				GCC_WARN_UNUSED_FUNCTION = YES;
				GCC_WARN_UNUSED_VARIABLE = YES;
				IPHONEOS_DEPLOYMENT_TARGET = 15.4;
				MTL_ENABLE_DEBUG_INFO = INCLUDE_SOURCE;
				MTL_FAST_MATH = YES;
				ONLY_ACTIVE_ARCH = YES;
				SDKROOT = iphoneos;
				SWIFT_ACTIVE_COMPILATION_CONDITIONS = DEBUG;
				SWIFT_OPTIMIZATION_LEVEL = "-Onone";
			};
			name = Debug;
		};
		0921519727EDFB18005947ED /* Release */ = {
			isa = XCBuildConfiguration;
			buildSettings = {
				ALWAYS_SEARCH_USER_PATHS = NO;
				CLANG_ANALYZER_NONNULL = YES;
				CLANG_ANALYZER_NUMBER_OBJECT_CONVERSION = YES_AGGRESSIVE;
				CLANG_CXX_LANGUAGE_STANDARD = "gnu++17";
				CLANG_ENABLE_MODULES = YES;
				CLANG_ENABLE_OBJC_ARC = YES;
				CLANG_ENABLE_OBJC_WEAK = YES;
				CLANG_WARN_BLOCK_CAPTURE_AUTORELEASING = YES;
				CLANG_WARN_BOOL_CONVERSION = YES;
				CLANG_WARN_COMMA = YES;
				CLANG_WARN_CONSTANT_CONVERSION = YES;
				CLANG_WARN_DEPRECATED_OBJC_IMPLEMENTATIONS = YES;
				CLANG_WARN_DIRECT_OBJC_ISA_USAGE = YES_ERROR;
				CLANG_WARN_DOCUMENTATION_COMMENTS = YES;
				CLANG_WARN_EMPTY_BODY = YES;
				CLANG_WARN_ENUM_CONVERSION = YES;
				CLANG_WARN_INFINITE_RECURSION = YES;
				CLANG_WARN_INT_CONVERSION = YES;
				CLANG_WARN_NON_LITERAL_NULL_CONVERSION = YES;
				CLANG_WARN_OBJC_IMPLICIT_RETAIN_SELF = YES;
				CLANG_WARN_OBJC_LITERAL_CONVERSION = YES;
				CLANG_WARN_OBJC_ROOT_CLASS = YES_ERROR;
				CLANG_WARN_QUOTED_INCLUDE_IN_FRAMEWORK_HEADER = YES;
				CLANG_WARN_RANGE_LOOP_ANALYSIS = YES;
				CLANG_WARN_STRICT_PROTOTYPES = YES;
				CLANG_WARN_SUSPICIOUS_MOVE = YES;
				CLANG_WARN_UNGUARDED_AVAILABILITY = YES_AGGRESSIVE;
				CLANG_WARN_UNREACHABLE_CODE = YES;
				CLANG_WARN__DUPLICATE_METHOD_MATCH = YES;
				COPY_PHASE_STRIP = NO;
				DEBUG_INFORMATION_FORMAT = "dwarf-with-dsym";
				ENABLE_NS_ASSERTIONS = NO;
				ENABLE_STRICT_OBJC_MSGSEND = YES;
				GCC_C_LANGUAGE_STANDARD = gnu11;
				GCC_NO_COMMON_BLOCKS = YES;
				GCC_WARN_64_TO_32_BIT_CONVERSION = YES;
				GCC_WARN_ABOUT_RETURN_TYPE = YES_ERROR;
				GCC_WARN_UNDECLARED_SELECTOR = YES;
				GCC_WARN_UNINITIALIZED_AUTOS = YES_AGGRESSIVE;
				GCC_WARN_UNUSED_FUNCTION = YES;
				GCC_WARN_UNUSED_VARIABLE = YES;
				IPHONEOS_DEPLOYMENT_TARGET = 15.4;
				MTL_ENABLE_DEBUG_INFO = NO;
				MTL_FAST_MATH = YES;
				SDKROOT = iphoneos;
				SWIFT_COMPILATION_MODE = wholemodule;
				SWIFT_OPTIMIZATION_LEVEL = "-O";
				VALIDATE_PRODUCT = YES;
			};
			name = Release;
		};
		0921519927EDFB18005947ED /* Debug */ = {
			isa = XCBuildConfiguration;
			baseConfigurationReference = 01382B4723B152CFD3CDE248 /* Pods-eScooter.debug.xcconfig */;
			buildSettings = {
				ASSETCATALOG_COMPILER_APPICON_NAME = AppIcon;
				ASSETCATALOG_COMPILER_GLOBAL_ACCENT_COLOR_NAME = AccentColor;
				CODE_SIGN_STYLE = Automatic;
				CURRENT_PROJECT_VERSION = 1;
				DEVELOPMENT_ASSET_PATHS = "\"eScooter/Preview Content\"";
				DEVELOPMENT_TEAM = AA8L737WRV;
				ENABLE_PREVIEWS = YES;
				GENERATE_INFOPLIST_FILE = YES;
				INFOPLIST_FILE = eScooter/Info.plist;
				INFOPLIST_KEY_UIApplicationSceneManifest_Generation = YES;
				INFOPLIST_KEY_UIApplicationSupportsIndirectInputEvents = YES;
				INFOPLIST_KEY_UILaunchStoryboardName = "Launch Screen";
				INFOPLIST_KEY_UISupportedInterfaceOrientations_iPad = "UIInterfaceOrientationPortrait UIInterfaceOrientationPortraitUpsideDown UIInterfaceOrientationLandscapeLeft UIInterfaceOrientationLandscapeRight";
				INFOPLIST_KEY_UISupportedInterfaceOrientations_iPhone = "UIInterfaceOrientationPortrait UIInterfaceOrientationLandscapeLeft UIInterfaceOrientationLandscapeRight";
				LD_RUNPATH_SEARCH_PATHS = (
					"$(inherited)",
					"@executable_path/Frameworks",
				);
				MARKETING_VERSION = 1.0;
				PRODUCT_BUNDLE_IDENTIFIER = anaVultur.eScooter;
				PRODUCT_NAME = "$(TARGET_NAME)";
				SWIFT_EMIT_LOC_STRINGS = YES;
				SWIFT_VERSION = 5.0;
				TARGETED_DEVICE_FAMILY = "1,2";
			};
			name = Debug;
		};
		0921519A27EDFB18005947ED /* Release */ = {
			isa = XCBuildConfiguration;
			baseConfigurationReference = B0F4BD2F1780E4218A691E3A /* Pods-eScooter.release.xcconfig */;
			buildSettings = {
				ASSETCATALOG_COMPILER_APPICON_NAME = AppIcon;
				ASSETCATALOG_COMPILER_GLOBAL_ACCENT_COLOR_NAME = AccentColor;
				CODE_SIGN_STYLE = Automatic;
				CURRENT_PROJECT_VERSION = 1;
				DEVELOPMENT_ASSET_PATHS = "\"eScooter/Preview Content\"";
				DEVELOPMENT_TEAM = AA8L737WRV;
				ENABLE_PREVIEWS = YES;
				GENERATE_INFOPLIST_FILE = YES;
				INFOPLIST_FILE = eScooter/Info.plist;
				INFOPLIST_KEY_UIApplicationSceneManifest_Generation = YES;
				INFOPLIST_KEY_UIApplicationSupportsIndirectInputEvents = YES;
				INFOPLIST_KEY_UILaunchStoryboardName = "Launch Screen";
				INFOPLIST_KEY_UISupportedInterfaceOrientations_iPad = "UIInterfaceOrientationPortrait UIInterfaceOrientationPortraitUpsideDown UIInterfaceOrientationLandscapeLeft UIInterfaceOrientationLandscapeRight";
				INFOPLIST_KEY_UISupportedInterfaceOrientations_iPhone = "UIInterfaceOrientationPortrait UIInterfaceOrientationLandscapeLeft UIInterfaceOrientationLandscapeRight";
				LD_RUNPATH_SEARCH_PATHS = (
					"$(inherited)",
					"@executable_path/Frameworks",
				);
				MARKETING_VERSION = 1.0;
				PRODUCT_BUNDLE_IDENTIFIER = anaVultur.eScooter;
				PRODUCT_NAME = "$(TARGET_NAME)";
				SWIFT_EMIT_LOC_STRINGS = YES;
				SWIFT_VERSION = 5.0;
				TARGETED_DEVICE_FAMILY = "1,2";
			};
			name = Release;
		};
/* End XCBuildConfiguration section */

/* Begin XCConfigurationList section */
		0921518527EDFB14005947ED /* Build configuration list for PBXProject "eScooter" */ = {
			isa = XCConfigurationList;
			buildConfigurations = (
				0921519627EDFB18005947ED /* Debug */,
				0921519727EDFB18005947ED /* Release */,
			);
			defaultConfigurationIsVisible = 0;
			defaultConfigurationName = Release;
		};
		0921519827EDFB18005947ED /* Build configuration list for PBXNativeTarget "eScooter" */ = {
			isa = XCConfigurationList;
			buildConfigurations = (
				0921519927EDFB18005947ED /* Debug */,
				0921519A27EDFB18005947ED /* Release */,
			);
			defaultConfigurationIsVisible = 0;
			defaultConfigurationName = Release;
		};
/* End XCConfigurationList section */

/* Begin XCRemoteSwiftPackageReference section */
		0991E8F627FAD4D100B8A525 /* XCRemoteSwiftPackageReference "swiftui-navigation-stack" */ = {
			isa = XCRemoteSwiftPackageReference;
			repositoryURL = "https://github.com/matteopuc/swiftui-navigation-stack";
			requirement = {
				kind = upToNextMajorVersion;
				minimumVersion = 1.0.0;
			};
		};
/* End XCRemoteSwiftPackageReference section */

/* Begin XCSwiftPackageProductDependency section */
		0991E8F727FAD4D100B8A525 /* NavigationStack */ = {
			isa = XCSwiftPackageProductDependency;
			package = 0991E8F627FAD4D100B8A525 /* XCRemoteSwiftPackageReference "swiftui-navigation-stack" */;
			productName = NavigationStack;
		};
/* End XCSwiftPackageProductDependency section */
	};
	rootObject = 0921518227EDFB14005947ED /* Project object */;
}
